
Microsoft Visual Studio Solution File, Format Version 12.00
# Visual Studio 15
VisualStudioVersion = 15.0.27703.2026
MinimumVisualStudioVersion = 10.0.40219.1
Project("{FAE04EC0-301F-11D3-BF4B-00C04F79EFBC}") = "CrLfTester", "CrLfTester\CrLfTester.csproj", "{BC8AE3E0-A8F7-455E-8AEF-FC99BBD218FB}"
EndProject
Project("{FAE04EC0-301F-11D3-BF4B-00C04F79EFBC}") = "CrLfTester.Tests", "CrLfTester.Tests\CrLfTester.Tests.csproj", "{8B185093-CF7B-4232-9684-E8643C940595}"
EndProject
Global
	GlobalSection(SolutionConfigurationPlatforms) = preSolution
		Debug|Any CPU = Debug|Any CPU
		Release|Any CPU = Release|Any CPU
	EndGlobalSection
	GlobalSection(ProjectConfigurationPlatforms) = postSolution
		{BC8AE3E0-A8F7-455E-8AEF-FC99BBD218FB}.Debug|Any CPU.ActiveCfg = Debug|Any CPU
		{BC8AE3E0-A8F7-455E-8AEF-FC99BBD218FB}.Debug|Any CPU.Build.0 = Debug|Any CPU
		{BC8AE3E0-A8F7-455E-8AEF-FC99BBD218FB}.Release|Any CPU.ActiveCfg = Release|Any CPU
		{BC8AE3E0-A8F7-455E-8AEF-FC99BBD218FB}.Release|Any CPU.Build.0 = Release|Any CPU
		{8B185093-CF7B-4232-9684-E8643C940595}.Debug|Any CPU.ActiveCfg = Debug|Any CPU
		{8B185093-CF7B-4232-9684-E8643C940595}.Debug|Any CPU.Build.0 = Debug|Any CPU
		{8B185093-CF7B-4232-9684-E8643C940595}.Release|Any CPU.ActiveCfg = Release|Any CPU
		{8B185093-CF7B-4232-9684-E8643C940595}.Release|Any CPU.Build.0 = Release|Any CPU
	EndGlobalSection
	GlobalSection(SolutionProperties) = preSolution
		HideSolutionNode = FALSE
	EndGlobalSection
	GlobalSection(ExtensibilityGlobals) = postSolution
		SolutionGuid = {4249EAA2-9722-45D6-BFD6-46ABDD4E5F7A}
	EndGlobalSection
EndGlobal
